// !$*UTF8*$!
{
	archiveVersion = 1;
	classes = {
	};
	objectVersion = 56;
	objects = {

/* Begin PBXBuildFile section */
		F004A2E32A5D5784004A61DF /* Model.xcdatamodeld in Sources */ = {isa = PBXBuildFile; fileRef = F004A2E12A5D5784004A61DF /* Model.xcdatamodeld */; };
		F004A2E62A5D5ADE004A61DF /* TrackerStore.swift in Sources */ = {isa = PBXBuildFile; fileRef = F004A2E52A5D5ADE004A61DF /* TrackerStore.swift */; };
		F004A2E82A5D5AF8004A61DF /* TrackerCategoryStore.swift in Sources */ = {isa = PBXBuildFile; fileRef = F004A2E72A5D5AF8004A61DF /* TrackerCategoryStore.swift */; };
		F004A2EA2A5D5B14004A61DF /* TrackerRecordStore.swift in Sources */ = {isa = PBXBuildFile; fileRef = F004A2E92A5D5B14004A61DF /* TrackerRecordStore.swift */; };
		F004A2EC2A5D6400004A61DF /* UIColorMarshalling.swift in Sources */ = {isa = PBXBuildFile; fileRef = F004A2EB2A5D6400004A61DF /* UIColorMarshalling.swift */; };
		F004A3312A83E208004A61DF /* RootViewController.swift in Sources */ = {isa = PBXBuildFile; fileRef = F004A3302A83E208004A61DF /* RootViewController.swift */; };
		F004A3342A83E2E4004A61DF /* OnboardingViewController.swift in Sources */ = {isa = PBXBuildFile; fileRef = F004A3332A83E2E4004A61DF /* OnboardingViewController.swift */; };
		F02F4CC22A83E98600E29EB0 /* OnboardingPageViewController.swift in Sources */ = {isa = PBXBuildFile; fileRef = F02F4CC12A83E98600E29EB0 /* OnboardingPageViewController.swift */; };
		F02F4CC42A84F64200E29EB0 /* UserDefaultsBacked.swift in Sources */ = {isa = PBXBuildFile; fileRef = F02F4CC32A84F64200E29EB0 /* UserDefaultsBacked.swift */; };
		F02F4CC72A85198200E29EB0 /* CategoryCell.swift in Sources */ = {isa = PBXBuildFile; fileRef = F02F4CC62A85198200E29EB0 /* CategoryCell.swift */; };
		F02F4CCB2A8520B700E29EB0 /* CategoryViewController.swift in Sources */ = {isa = PBXBuildFile; fileRef = F02F4CCA2A8520B700E29EB0 /* CategoryViewController.swift */; };
		F02F4CCD2A85215300E29EB0 /* CategoryViewModel.swift in Sources */ = {isa = PBXBuildFile; fileRef = F02F4CCC2A85215300E29EB0 /* CategoryViewModel.swift */; };
		F02F4CCF2A8EB87C00E29EB0 /* NotFoundStack.swift in Sources */ = {isa = PBXBuildFile; fileRef = F02F4CCE2A8EB87C00E29EB0 /* NotFoundStack.swift */; };
		F02F4CD12A8EBABA00E29EB0 /* CategoryFormViewController.swift in Sources */ = {isa = PBXBuildFile; fileRef = F02F4CD02A8EBABA00E29EB0 /* CategoryFormViewController.swift */; };
		F02F4CD32A8FB21700E29EB0 /* UIViewController+Extensions.swift in Sources */ = {isa = PBXBuildFile; fileRef = F02F4CD22A8FB21700E29EB0 /* UIViewController+Extensions.swift */; };
		F062D8EF2A58619A00D2E42A /* AppDelegate.swift in Sources */ = {isa = PBXBuildFile; fileRef = F062D8EE2A58619A00D2E42A /* AppDelegate.swift */; };
		F062D8F12A58619A00D2E42A /* SceneDelegate.swift in Sources */ = {isa = PBXBuildFile; fileRef = F062D8F02A58619A00D2E42A /* SceneDelegate.swift */; };
		F062D8F82A58619D00D2E42A /* Assets.xcassets in Resources */ = {isa = PBXBuildFile; fileRef = F062D8F72A58619D00D2E42A /* Assets.xcassets */; };
		F062D8FB2A58619D00D2E42A /* LaunchScreen.storyboard in Resources */ = {isa = PBXBuildFile; fileRef = F062D8F92A58619D00D2E42A /* LaunchScreen.storyboard */; };
		F062D9032A58629600D2E42A /* Constants.swift in Sources */ = {isa = PBXBuildFile; fileRef = F062D9022A58629600D2E42A /* Constants.swift */; };
		F062D9062A5862E000D2E42A /* TabBarController.swift in Sources */ = {isa = PBXBuildFile; fileRef = F062D9052A5862E000D2E42A /* TabBarController.swift */; };
		F062D9092A58632800D2E42A /* StatisticsViewController.swift in Sources */ = {isa = PBXBuildFile; fileRef = F062D9082A58632800D2E42A /* StatisticsViewController.swift */; };
		F062D90F2A58639300D2E42A /* Tracker.swift in Sources */ = {isa = PBXBuildFile; fileRef = F062D90E2A58639300D2E42A /* Tracker.swift */; };
		F062D9112A5863A400D2E42A /* TrackerCategory.swift in Sources */ = {isa = PBXBuildFile; fileRef = F062D9102A5863A400D2E42A /* TrackerCategory.swift */; };
		F062D9132A5863E400D2E42A /* TrackerRecord.swift in Sources */ = {isa = PBXBuildFile; fileRef = F062D9122A5863E400D2E42A /* TrackerRecord.swift */; };
		F062D9162A58643F00D2E42A /* Button.swift in Sources */ = {isa = PBXBuildFile; fileRef = F062D9152A58643F00D2E42A /* Button.swift */; };
		F062D9182A58644F00D2E42A /* TextField.swift in Sources */ = {isa = PBXBuildFile; fileRef = F062D9172A58644F00D2E42A /* TextField.swift */; };
		F062D91A2A58646600D2E42A /* ListItem.swift in Sources */ = {isa = PBXBuildFile; fileRef = F062D9192A58646600D2E42A /* ListItem.swift */; };
		F062D91D2A5864E400D2E42A /* UIColor+Extensions.swift in Sources */ = {isa = PBXBuildFile; fileRef = F062D91C2A5864E400D2E42A /* UIColor+Extensions.swift */; };
		F062D91F2A58653900D2E42A /* Int+Extensions.swift in Sources */ = {isa = PBXBuildFile; fileRef = F062D91E2A58653900D2E42A /* Int+Extensions.swift */; };
		F062D9212A58656100D2E42A /* Date+Extensions.swift in Sources */ = {isa = PBXBuildFile; fileRef = F062D9202A58656100D2E42A /* Date+Extensions.swift */; };
		F062D9232A58659300D2E42A /* UICollectionView+Extensions.swift in Sources */ = {isa = PBXBuildFile; fileRef = F062D9222A58659300D2E42A /* UICollectionView+Extensions.swift */; };
		F062D9262A58682B00D2E42A /* TrackerCell.swift in Sources */ = {isa = PBXBuildFile; fileRef = F062D9252A58682B00D2E42A /* TrackerCell.swift */; };
		F062D9282A5868F600D2E42A /* TrackerCategoryLabel.swift in Sources */ = {isa = PBXBuildFile; fileRef = F062D9272A5868F600D2E42A /* TrackerCategoryLabel.swift */; };
		F062D92B2A58699A00D2E42A /* AddTrackerViewController.swift in Sources */ = {isa = PBXBuildFile; fileRef = F062D92A2A58699A00D2E42A /* AddTrackerViewController.swift */; };
		F062D92E2A586A8E00D2E42A /* TrackerFormViewController.swift in Sources */ = {isa = PBXBuildFile; fileRef = F062D92D2A586A8E00D2E42A /* TrackerFormViewController.swift */; };
		F062D9302A586B7C00D2E42A /* ListCell.swift in Sources */ = {isa = PBXBuildFile; fileRef = F062D92F2A586B7C00D2E42A /* ListCell.swift */; };
		F062D9322A586C8A00D2E42A /* SelectionTitle.swift in Sources */ = {isa = PBXBuildFile; fileRef = F062D9312A586C8A00D2E42A /* SelectionTitle.swift */; };
		F062D9342A586CB500D2E42A /* EmojiCell.swift in Sources */ = {isa = PBXBuildFile; fileRef = F062D9332A586CB500D2E42A /* EmojiCell.swift */; };
		F062D9362A586CE100D2E42A /* ColorCell.swift in Sources */ = {isa = PBXBuildFile; fileRef = F062D9352A586CE100D2E42A /* ColorCell.swift */; };
		F062D9392A586D4700D2E42A /* ScheduleViewController.swift in Sources */ = {isa = PBXBuildFile; fileRef = F062D9382A586D4700D2E42A /* ScheduleViewController.swift */; };
		F062D93B2A586D7700D2E42A /* WeekdayCell.swift in Sources */ = {isa = PBXBuildFile; fileRef = F062D93A2A586D7700D2E42A /* WeekdayCell.swift */; };
		F07FB5D32B21A300007B600A /* Localizable.strings in Resources */ = {isa = PBXBuildFile; fileRef = F07FB5D52B21A300007B600A /* Localizable.strings */; };
		F07FB5D82B21A414007B600A /* TrackersViewController.swift in Sources */ = {isa = PBXBuildFile; fileRef = F07FB5D72B21A413007B600A /* TrackersViewController.swift */; };
/* End PBXBuildFile section */

/* Begin PBXFileReference section */
		F004A2E22A5D5784004A61DF /* Model.xcdatamodel */ = {isa = PBXFileReference; lastKnownFileType = wrapper.xcdatamodel; path = Model.xcdatamodel; sourceTree = "<group>"; };
		F004A2E52A5D5ADE004A61DF /* TrackerStore.swift */ = {isa = PBXFileReference; lastKnownFileType = sourcecode.swift; path = TrackerStore.swift; sourceTree = "<group>"; };
		F004A2E72A5D5AF8004A61DF /* TrackerCategoryStore.swift */ = {isa = PBXFileReference; lastKnownFileType = sourcecode.swift; path = TrackerCategoryStore.swift; sourceTree = "<group>"; };
		F004A2E92A5D5B14004A61DF /* TrackerRecordStore.swift */ = {isa = PBXFileReference; lastKnownFileType = sourcecode.swift; path = TrackerRecordStore.swift; sourceTree = "<group>"; };
		F004A2EB2A5D6400004A61DF /* UIColorMarshalling.swift */ = {isa = PBXFileReference; lastKnownFileType = sourcecode.swift; path = UIColorMarshalling.swift; sourceTree = "<group>"; };
		F004A3302A83E208004A61DF /* RootViewController.swift */ = {isa = PBXFileReference; lastKnownFileType = sourcecode.swift; path = RootViewController.swift; sourceTree = "<group>"; };
		F004A3332A83E2E4004A61DF /* OnboardingViewController.swift */ = {isa = PBXFileReference; lastKnownFileType = sourcecode.swift; path = OnboardingViewController.swift; sourceTree = "<group>"; };
		F02F4CC12A83E98600E29EB0 /* OnboardingPageViewController.swift */ = {isa = PBXFileReference; lastKnownFileType = sourcecode.swift; path = OnboardingPageViewController.swift; sourceTree = "<group>"; };
		F02F4CC32A84F64200E29EB0 /* UserDefaultsBacked.swift */ = {isa = PBXFileReference; lastKnownFileType = sourcecode.swift; path = UserDefaultsBacked.swift; sourceTree = "<group>"; };
		F02F4CC62A85198200E29EB0 /* CategoryCell.swift */ = {isa = PBXFileReference; lastKnownFileType = sourcecode.swift; path = CategoryCell.swift; sourceTree = "<group>"; };
		F02F4CCA2A8520B700E29EB0 /* CategoryViewController.swift */ = {isa = PBXFileReference; lastKnownFileType = sourcecode.swift; path = CategoryViewController.swift; sourceTree = "<group>"; };
		F02F4CCC2A85215300E29EB0 /* CategoryViewModel.swift */ = {isa = PBXFileReference; lastKnownFileType = sourcecode.swift; path = CategoryViewModel.swift; sourceTree = "<group>"; };
		F02F4CCE2A8EB87C00E29EB0 /* NotFoundStack.swift */ = {isa = PBXFileReference; lastKnownFileType = sourcecode.swift; path = NotFoundStack.swift; sourceTree = "<group>"; };
		F02F4CD02A8EBABA00E29EB0 /* CategoryFormViewController.swift */ = {isa = PBXFileReference; lastKnownFileType = sourcecode.swift; path = CategoryFormViewController.swift; sourceTree = "<group>"; };
		F02F4CD22A8FB21700E29EB0 /* UIViewController+Extensions.swift */ = {isa = PBXFileReference; lastKnownFileType = sourcecode.swift; path = "UIViewController+Extensions.swift"; sourceTree = "<group>"; };
		F062D8EB2A58619A00D2E42A /* Tracker-ios.app */ = {isa = PBXFileReference; explicitFileType = wrapper.application; includeInIndex = 0; path = "Tracker-ios.app"; sourceTree = BUILT_PRODUCTS_DIR; };
		F062D8EE2A58619A00D2E42A /* AppDelegate.swift */ = {isa = PBXFileReference; lastKnownFileType = sourcecode.swift; path = AppDelegate.swift; sourceTree = "<group>"; };
		F062D8F02A58619A00D2E42A /* SceneDelegate.swift */ = {isa = PBXFileReference; lastKnownFileType = sourcecode.swift; path = SceneDelegate.swift; sourceTree = "<group>"; };
		F062D8F72A58619D00D2E42A /* Assets.xcassets */ = {isa = PBXFileReference; lastKnownFileType = folder.assetcatalog; path = Assets.xcassets; sourceTree = "<group>"; };
		F062D8FA2A58619D00D2E42A /* Base */ = {isa = PBXFileReference; lastKnownFileType = file.storyboard; name = Base; path = Base.lproj/LaunchScreen.storyboard; sourceTree = "<group>"; };
		F062D8FC2A58619D00D2E42A /* Info.plist */ = {isa = PBXFileReference; lastKnownFileType = text.plist.xml; path = Info.plist; sourceTree = "<group>"; };
		F062D9022A58629600D2E42A /* Constants.swift */ = {isa = PBXFileReference; lastKnownFileType = sourcecode.swift; path = Constants.swift; sourceTree = "<group>"; };
		F062D9052A5862E000D2E42A /* TabBarController.swift */ = {isa = PBXFileReference; lastKnownFileType = sourcecode.swift; path = TabBarController.swift; sourceTree = "<group>"; };
		F062D9082A58632800D2E42A /* StatisticsViewController.swift */ = {isa = PBXFileReference; lastKnownFileType = sourcecode.swift; path = StatisticsViewController.swift; sourceTree = "<group>"; };
		F062D90E2A58639300D2E42A /* Tracker.swift */ = {isa = PBXFileReference; lastKnownFileType = sourcecode.swift; path = Tracker.swift; sourceTree = "<group>"; };
		F062D9102A5863A400D2E42A /* TrackerCategory.swift */ = {isa = PBXFileReference; lastKnownFileType = sourcecode.swift; path = TrackerCategory.swift; sourceTree = "<group>"; };
		F062D9122A5863E400D2E42A /* TrackerRecord.swift */ = {isa = PBXFileReference; lastKnownFileType = sourcecode.swift; path = TrackerRecord.swift; sourceTree = "<group>"; };
		F062D9152A58643F00D2E42A /* Button.swift */ = {isa = PBXFileReference; lastKnownFileType = sourcecode.swift; path = Button.swift; sourceTree = "<group>"; };
		F062D9172A58644F00D2E42A /* TextField.swift */ = {isa = PBXFileReference; lastKnownFileType = sourcecode.swift; path = TextField.swift; sourceTree = "<group>"; };
		F062D9192A58646600D2E42A /* ListItem.swift */ = {isa = PBXFileReference; lastKnownFileType = sourcecode.swift; path = ListItem.swift; sourceTree = "<group>"; };
		F062D91C2A5864E400D2E42A /* UIColor+Extensions.swift */ = {isa = PBXFileReference; lastKnownFileType = sourcecode.swift; path = "UIColor+Extensions.swift"; sourceTree = "<group>"; };
		F062D91E2A58653900D2E42A /* Int+Extensions.swift */ = {isa = PBXFileReference; lastKnownFileType = sourcecode.swift; path = "Int+Extensions.swift"; sourceTree = "<group>"; };
		F062D9202A58656100D2E42A /* Date+Extensions.swift */ = {isa = PBXFileReference; lastKnownFileType = sourcecode.swift; path = "Date+Extensions.swift"; sourceTree = "<group>"; };
		F062D9222A58659300D2E42A /* UICollectionView+Extensions.swift */ = {isa = PBXFileReference; lastKnownFileType = sourcecode.swift; path = "UICollectionView+Extensions.swift"; sourceTree = "<group>"; };
		F062D9252A58682B00D2E42A /* TrackerCell.swift */ = {isa = PBXFileReference; lastKnownFileType = sourcecode.swift; path = TrackerCell.swift; sourceTree = "<group>"; };
		F062D9272A5868F600D2E42A /* TrackerCategoryLabel.swift */ = {isa = PBXFileReference; lastKnownFileType = sourcecode.swift; path = TrackerCategoryLabel.swift; sourceTree = "<group>"; };
		F062D92A2A58699A00D2E42A /* AddTrackerViewController.swift */ = {isa = PBXFileReference; lastKnownFileType = sourcecode.swift; path = AddTrackerViewController.swift; sourceTree = "<group>"; };
		F062D92D2A586A8E00D2E42A /* TrackerFormViewController.swift */ = {isa = PBXFileReference; lastKnownFileType = sourcecode.swift; path = TrackerFormViewController.swift; sourceTree = "<group>"; };
		F062D92F2A586B7C00D2E42A /* ListCell.swift */ = {isa = PBXFileReference; lastKnownFileType = sourcecode.swift; path = ListCell.swift; sourceTree = "<group>"; };
		F062D9312A586C8A00D2E42A /* SelectionTitle.swift */ = {isa = PBXFileReference; lastKnownFileType = sourcecode.swift; path = SelectionTitle.swift; sourceTree = "<group>"; };
		F062D9332A586CB500D2E42A /* EmojiCell.swift */ = {isa = PBXFileReference; lastKnownFileType = sourcecode.swift; path = EmojiCell.swift; sourceTree = "<group>"; };
		F062D9352A586CE100D2E42A /* ColorCell.swift */ = {isa = PBXFileReference; lastKnownFileType = sourcecode.swift; path = ColorCell.swift; sourceTree = "<group>"; };
		F062D9382A586D4700D2E42A /* ScheduleViewController.swift */ = {isa = PBXFileReference; lastKnownFileType = sourcecode.swift; path = ScheduleViewController.swift; sourceTree = "<group>"; };
		F062D93A2A586D7700D2E42A /* WeekdayCell.swift */ = {isa = PBXFileReference; lastKnownFileType = sourcecode.swift; path = WeekdayCell.swift; sourceTree = "<group>"; };
		F07FB5D42B21A300007B600A /* en */ = {isa = PBXFileReference; lastKnownFileType = text.plist.strings; name = en; path = en.lproj/Localizable.strings; sourceTree = "<group>"; };
		F07FB5D62B21A328007B600A /* ru */ = {isa = PBXFileReference; lastKnownFileType = text.plist.strings; name = ru; path = ru.lproj/Localizable.strings; sourceTree = "<group>"; };
		F07FB5D72B21A413007B600A /* TrackersViewController.swift */ = {isa = PBXFileReference; fileEncoding = 4; lastKnownFileType = sourcecode.swift; path = TrackersViewController.swift; sourceTree = "<group>"; };
/* End PBXFileReference section */

/* Begin PBXFrameworksBuildPhase section */
		F062D8E82A58619A00D2E42A /* Frameworks */ = {
			isa = PBXFrameworksBuildPhase;
			buildActionMask = 2147483647;
			files = (
			);
			runOnlyForDeploymentPostprocessing = 0;
		};
/* End PBXFrameworksBuildPhase section */

/* Begin PBXGroup section */
		F004A2DF2A5D56EF004A61DF /* UI */ = {
			isa = PBXGroup;
			children = (
				F02F4CC52A8518BF00E29EB0 /* Categories */,
				F004A3322A83E2B8004A61DF /* Onboarding */,
				F004A32F2A83E1F4004A61DF /* Root */,
				F062D9042A5862C800D2E42A /* TabBar */,
				F062D9072A5862FE00D2E42A /* Statistics */,
				F062D90A2A58635200D2E42A /* Trackers */,
				F062D9292A58695E00D2E42A /* AddTracker */,
				F062D9142A58642B00D2E42A /* Components */,
				F062D92C2A586A6A00D2E42A /* TrackerForm */,
				F062D9372A586D1F00D2E42A /* Schedule */,
			);
			path = UI;
			sourceTree = "<group>";
		};
		F004A2E02A5D56F6004A61DF /* Domain */ = {
			isa = PBXGroup;
			children = (
				F004A2E42A5D5AA9004A61DF /* Store */,
				F062D90D2A58638000D2E42A /* Models */,
			);
			path = Domain;
			sourceTree = "<group>";
		};
		F004A2E42A5D5AA9004A61DF /* Store */ = {
			isa = PBXGroup;
			children = (
				F004A2E52A5D5ADE004A61DF /* TrackerStore.swift */,
				F004A2E72A5D5AF8004A61DF /* TrackerCategoryStore.swift */,
				F004A2E92A5D5B14004A61DF /* TrackerRecordStore.swift */,
			);
			path = Store;
			sourceTree = "<group>";
		};
		F004A32F2A83E1F4004A61DF /* Root */ = {
			isa = PBXGroup;
			children = (
				F004A3302A83E208004A61DF /* RootViewController.swift */,
			);
			path = Root;
			sourceTree = "<group>";
		};
		F004A3322A83E2B8004A61DF /* Onboarding */ = {
			isa = PBXGroup;
			children = (
				F004A3332A83E2E4004A61DF /* OnboardingViewController.swift */,
				F02F4CC12A83E98600E29EB0 /* OnboardingPageViewController.swift */,
			);
			path = Onboarding;
			sourceTree = "<group>";
		};
		F02F4CC52A8518BF00E29EB0 /* Categories */ = {
			isa = PBXGroup;
			children = (
				F02F4CC62A85198200E29EB0 /* CategoryCell.swift */,
				F02F4CCA2A8520B700E29EB0 /* CategoryViewController.swift */,
				F02F4CCC2A85215300E29EB0 /* CategoryViewModel.swift */,
				F02F4CD02A8EBABA00E29EB0 /* CategoryFormViewController.swift */,
			);
			path = Categories;
			sourceTree = "<group>";
		};
		F062D8E22A58619A00D2E42A = {
			isa = PBXGroup;
			children = (
				F062D8ED2A58619A00D2E42A /* Tracker-ios */,
				F062D8EC2A58619A00D2E42A /* Products */,
			);
			sourceTree = "<group>";
		};
		F062D8EC2A58619A00D2E42A /* Products */ = {
			isa = PBXGroup;
			children = (
				F062D8EB2A58619A00D2E42A /* Tracker-ios.app */,
			);
			name = Products;
			sourceTree = "<group>";
		};
		F062D8ED2A58619A00D2E42A /* Tracker-ios */ = {
			isa = PBXGroup;
			children = (
				F062D8EE2A58619A00D2E42A /* AppDelegate.swift */,
				F062D8F02A58619A00D2E42A /* SceneDelegate.swift */,
				F004A2DF2A5D56EF004A61DF /* UI */,
				F004A2E02A5D56F6004A61DF /* Domain */,
				F062D91B2A5864BC00D2E42A /* Helpers */,
				F062D9242A5865AE00D2E42A /* Resources */,
			);
			path = "Tracker-ios";
			sourceTree = "<group>";
		};
		F062D9042A5862C800D2E42A /* TabBar */ = {
			isa = PBXGroup;
			children = (
				F062D9052A5862E000D2E42A /* TabBarController.swift */,
			);
			path = TabBar;
			sourceTree = "<group>";
		};
		F062D9072A5862FE00D2E42A /* Statistics */ = {
			isa = PBXGroup;
			children = (
				F062D9082A58632800D2E42A /* StatisticsViewController.swift */,
			);
			path = Statistics;
			sourceTree = "<group>";
		};
		F062D90A2A58635200D2E42A /* Trackers */ = {
			isa = PBXGroup;
			children = (
				F07FB5D72B21A413007B600A /* TrackersViewController.swift */,
				F062D9252A58682B00D2E42A /* TrackerCell.swift */,
				F062D9272A5868F600D2E42A /* TrackerCategoryLabel.swift */,
			);
			path = Trackers;
			sourceTree = "<group>";
		};
		F062D90D2A58638000D2E42A /* Models */ = {
			isa = PBXGroup;
			children = (
				F062D90E2A58639300D2E42A /* Tracker.swift */,
				F062D9102A5863A400D2E42A /* TrackerCategory.swift */,
				F062D9122A5863E400D2E42A /* TrackerRecord.swift */,
				F004A2E12A5D5784004A61DF /* Model.xcdatamodeld */,
			);
			path = Models;
			sourceTree = "<group>";
		};
		F062D9142A58642B00D2E42A /* Components */ = {
			isa = PBXGroup;
			children = (
				F062D9152A58643F00D2E42A /* Button.swift */,
				F062D9172A58644F00D2E42A /* TextField.swift */,
				F062D9192A58646600D2E42A /* ListItem.swift */,
				F02F4CCE2A8EB87C00E29EB0 /* NotFoundStack.swift */,
			);
			path = Components;
			sourceTree = "<group>";
		};
		F062D91B2A5864BC00D2E42A /* Helpers */ = {
			isa = PBXGroup;
			children = (
				F062D9022A58629600D2E42A /* Constants.swift */,
				F062D91C2A5864E400D2E42A /* UIColor+Extensions.swift */,
				F062D91E2A58653900D2E42A /* Int+Extensions.swift */,
				F062D9202A58656100D2E42A /* Date+Extensions.swift */,
				F062D9222A58659300D2E42A /* UICollectionView+Extensions.swift */,
				F004A2EB2A5D6400004A61DF /* UIColorMarshalling.swift */,
				F02F4CC32A84F64200E29EB0 /* UserDefaultsBacked.swift */,
				F02F4CD22A8FB21700E29EB0 /* UIViewController+Extensions.swift */,
			);
			path = Helpers;
			sourceTree = "<group>";
		};
		F062D9242A5865AE00D2E42A /* Resources */ = {
			isa = PBXGroup;
			children = (
				F062D8F72A58619D00D2E42A /* Assets.xcassets */,
				F062D8F92A58619D00D2E42A /* LaunchScreen.storyboard */,
				F062D8FC2A58619D00D2E42A /* Info.plist */,
				F07FB5D52B21A300007B600A /* Localizable.strings */,
			);
			path = Resources;
			sourceTree = "<group>";
		};
		F062D9292A58695E00D2E42A /* AddTracker */ = {
			isa = PBXGroup;
			children = (
				F062D92A2A58699A00D2E42A /* AddTrackerViewController.swift */,
			);
			path = AddTracker;
			sourceTree = "<group>";
		};
		F062D92C2A586A6A00D2E42A /* TrackerForm */ = {
			isa = PBXGroup;
			children = (
				F062D92D2A586A8E00D2E42A /* TrackerFormViewController.swift */,
				F062D92F2A586B7C00D2E42A /* ListCell.swift */,
				F062D9312A586C8A00D2E42A /* SelectionTitle.swift */,
				F062D9332A586CB500D2E42A /* EmojiCell.swift */,
				F062D9352A586CE100D2E42A /* ColorCell.swift */,
			);
			path = TrackerForm;
			sourceTree = "<group>";
		};
		F062D9372A586D1F00D2E42A /* Schedule */ = {
			isa = PBXGroup;
			children = (
				F062D9382A586D4700D2E42A /* ScheduleViewController.swift */,
				F062D93A2A586D7700D2E42A /* WeekdayCell.swift */,
			);
			path = Schedule;
			sourceTree = "<group>";
		};
/* End PBXGroup section */

/* Begin PBXNativeTarget section */
		F062D8EA2A58619A00D2E42A /* Tracker-ios */ = {
			isa = PBXNativeTarget;
			buildConfigurationList = F062D8FF2A58619D00D2E42A /* Build configuration list for PBXNativeTarget "Tracker-ios" */;
			buildPhases = (
				F062D8E72A58619A00D2E42A /* Sources */,
				F062D8E82A58619A00D2E42A /* Frameworks */,
				F062D8E92A58619A00D2E42A /* Resources */,
			);
			buildRules = (
			);
			dependencies = (
			);
			name = "Tracker-ios";
			productName = "Tracker-ios";
			productReference = F062D8EB2A58619A00D2E42A /* Tracker-ios.app */;
			productType = "com.apple.product-type.application";
		};
/* End PBXNativeTarget section */

/* Begin PBXProject section */
		F062D8E32A58619A00D2E42A /* Project object */ = {
			isa = PBXProject;
			attributes = {
				BuildIndependentTargetsInParallel = 1;
				LastSwiftUpdateCheck = 1420;
				LastUpgradeCheck = 1420;
				TargetAttributes = {
					F062D8EA2A58619A00D2E42A = {
						CreatedOnToolsVersion = 14.2;
					};
				};
			};
			buildConfigurationList = F062D8E62A58619A00D2E42A /* Build configuration list for PBXProject "Tracker-ios" */;
			compatibilityVersion = "Xcode 14.0";
			developmentRegion = en;
			hasScannedForEncodings = 0;
			knownRegions = (
				en,
				Base,
				ru,
			);
			mainGroup = F062D8E22A58619A00D2E42A;
			productRefGroup = F062D8EC2A58619A00D2E42A /* Products */;
			projectDirPath = "";
			projectRoot = "";
			targets = (
				F062D8EA2A58619A00D2E42A /* Tracker-ios */,
			);
		};
/* End PBXProject section */

/* Begin PBXResourcesBuildPhase section */
		F062D8E92A58619A00D2E42A /* Resources */ = {
			isa = PBXResourcesBuildPhase;
			buildActionMask = 2147483647;
			files = (
				F062D8FB2A58619D00D2E42A /* LaunchScreen.storyboard in Resources */,
				F07FB5D32B21A300007B600A /* Localizable.strings in Resources */,
				F062D8F82A58619D00D2E42A /* Assets.xcassets in Resources */,
			);
			runOnlyForDeploymentPostprocessing = 0;
		};
/* End PBXResourcesBuildPhase section */

/* Begin PBXSourcesBuildPhase section */
		F062D8E72A58619A00D2E42A /* Sources */ = {
			isa = PBXSourcesBuildPhase;
			buildActionMask = 2147483647;
			files = (
				F062D91A2A58646600D2E42A /* ListItem.swift in Sources */,
				F062D8EF2A58619A00D2E42A /* AppDelegate.swift in Sources */,
				F062D9262A58682B00D2E42A /* TrackerCell.swift in Sources */,
				F062D9302A586B7C00D2E42A /* ListCell.swift in Sources */,
				F004A2E82A5D5AF8004A61DF /* TrackerCategoryStore.swift in Sources */,
				F062D9182A58644F00D2E42A /* TextField.swift in Sources */,
				F004A2E32A5D5784004A61DF /* Model.xcdatamodeld in Sources */,
				F062D91D2A5864E400D2E42A /* UIColor+Extensions.swift in Sources */,
				F02F4CD12A8EBABA00E29EB0 /* CategoryFormViewController.swift in Sources */,
				F004A2EC2A5D6400004A61DF /* UIColorMarshalling.swift in Sources */,
				F062D9232A58659300D2E42A /* UICollectionView+Extensions.swift in Sources */,
				F02F4CCD2A85215300E29EB0 /* CategoryViewModel.swift in Sources */,
				F02F4CCF2A8EB87C00E29EB0 /* NotFoundStack.swift in Sources */,
				F062D9092A58632800D2E42A /* StatisticsViewController.swift in Sources */,
				F062D9112A5863A400D2E42A /* TrackerCategory.swift in Sources */,
				F062D9062A5862E000D2E42A /* TabBarController.swift in Sources */,
				F07FB5D82B21A414007B600A /* TrackersViewController.swift in Sources */,
				F062D92E2A586A8E00D2E42A /* TrackerFormViewController.swift in Sources */,
				F062D8F12A58619A00D2E42A /* SceneDelegate.swift in Sources */,
				F062D9212A58656100D2E42A /* Date+Extensions.swift in Sources */,
				F02F4CC42A84F64200E29EB0 /* UserDefaultsBacked.swift in Sources */,
				F004A2E62A5D5ADE004A61DF /* TrackerStore.swift in Sources */,
				F062D9162A58643F00D2E42A /* Button.swift in Sources */,
				F062D9132A5863E400D2E42A /* TrackerRecord.swift in Sources */,
				F062D9392A586D4700D2E42A /* ScheduleViewController.swift in Sources */,
				F062D9282A5868F600D2E42A /* TrackerCategoryLabel.swift in Sources */,
				F062D92B2A58699A00D2E42A /* AddTrackerViewController.swift in Sources */,
				F02F4CC72A85198200E29EB0 /* CategoryCell.swift in Sources */,
				F004A3312A83E208004A61DF /* RootViewController.swift in Sources */,
				F062D9362A586CE100D2E42A /* ColorCell.swift in Sources */,
				F02F4CC22A83E98600E29EB0 /* OnboardingPageViewController.swift in Sources */,
				F02F4CD32A8FB21700E29EB0 /* UIViewController+Extensions.swift in Sources */,
				F062D9322A586C8A00D2E42A /* SelectionTitle.swift in Sources */,
				F062D9032A58629600D2E42A /* Constants.swift in Sources */,
				F062D91F2A58653900D2E42A /* Int+Extensions.swift in Sources */,
				F004A2EA2A5D5B14004A61DF /* TrackerRecordStore.swift in Sources */,
				F062D9342A586CB500D2E42A /* EmojiCell.swift in Sources */,
				F02F4CCB2A8520B700E29EB0 /* CategoryViewController.swift in Sources */,
				F062D93B2A586D7700D2E42A /* WeekdayCell.swift in Sources */,
				F004A3342A83E2E4004A61DF /* OnboardingViewController.swift in Sources */,
				F062D90F2A58639300D2E42A /* Tracker.swift in Sources */,
			);
			runOnlyForDeploymentPostprocessing = 0;
		};
/* End PBXSourcesBuildPhase section */

/* Begin PBXVariantGroup section */
		F062D8F92A58619D00D2E42A /* LaunchScreen.storyboard */ = {
			isa = PBXVariantGroup;
			children = (
				F062D8FA2A58619D00D2E42A /* Base */,
			);
			name = LaunchScreen.storyboard;
			sourceTree = "<group>";
		};
		F07FB5D52B21A300007B600A /* Localizable.strings */ = {
			isa = PBXVariantGroup;
			children = (
				F07FB5D42B21A300007B600A /* en */,
				F07FB5D62B21A328007B600A /* ru */,
			);
			name = Localizable.strings;
			sourceTree = "<group>";
		};
/* End PBXVariantGroup section */

/* Begin XCBuildConfiguration section */
		F062D8FD2A58619D00D2E42A /* Debug */ = {
			isa = XCBuildConfiguration;
			buildSettings = {
				ALWAYS_SEARCH_USER_PATHS = NO;
				CLANG_ANALYZER_LOCALIZABILITY_NONLOCALIZED = YES;
				CLANG_ANALYZER_NONNULL = YES;
				CLANG_ANALYZER_NUMBER_OBJECT_CONVERSION = YES_AGGRESSIVE;
				CLANG_CXX_LANGUAGE_STANDARD = "gnu++20";
				CLANG_ENABLE_MODULES = YES;
				CLANG_ENABLE_OBJC_ARC = YES;
				CLANG_ENABLE_OBJC_WEAK = YES;
				CLANG_WARN_BLOCK_CAPTURE_AUTORELEASING = YES;
				CLANG_WARN_BOOL_CONVERSION = YES;
				CLANG_WARN_COMMA = YES;
				CLANG_WARN_CONSTANT_CONVERSION = YES;
				CLANG_WARN_DEPRECATED_OBJC_IMPLEMENTATIONS = YES;
				CLANG_WARN_DIRECT_OBJC_ISA_USAGE = YES_ERROR;
				CLANG_WARN_DOCUMENTATION_COMMENTS = YES;
				CLANG_WARN_EMPTY_BODY = YES;
				CLANG_WARN_ENUM_CONVERSION = YES;
				CLANG_WARN_INFINITE_RECURSION = YES;
				CLANG_WARN_INT_CONVERSION = YES;
				CLANG_WARN_NON_LITERAL_NULL_CONVERSION = YES;
				CLANG_WARN_OBJC_IMPLICIT_RETAIN_SELF = YES;
				CLANG_WARN_OBJC_LITERAL_CONVERSION = YES;
				CLANG_WARN_OBJC_ROOT_CLASS = YES_ERROR;
				CLANG_WARN_QUOTED_INCLUDE_IN_FRAMEWORK_HEADER = YES;
				CLANG_WARN_RANGE_LOOP_ANALYSIS = YES;
				CLANG_WARN_STRICT_PROTOTYPES = YES;
				CLANG_WARN_SUSPICIOUS_MOVE = YES;
				CLANG_WARN_UNGUARDED_AVAILABILITY = YES_AGGRESSIVE;
				CLANG_WARN_UNREACHABLE_CODE = YES;
				CLANG_WARN__DUPLICATE_METHOD_MATCH = YES;
				COPY_PHASE_STRIP = NO;
				DEBUG_INFORMATION_FORMAT = dwarf;
				ENABLE_STRICT_OBJC_MSGSEND = YES;
				ENABLE_TESTABILITY = YES;
				GCC_C_LANGUAGE_STANDARD = gnu11;
				GCC_DYNAMIC_NO_PIC = NO;
				GCC_NO_COMMON_BLOCKS = YES;
				GCC_OPTIMIZATION_LEVEL = 0;
				GCC_PREPROCESSOR_DEFINITIONS = (
					"DEBUG=1",
					"$(inherited)",
				);
				GCC_WARN_64_TO_32_BIT_CONVERSION = YES;
				GCC_WARN_ABOUT_RETURN_TYPE = YES_ERROR;
				GCC_WARN_UNDECLARED_SELECTOR = YES;
				GCC_WARN_UNINITIALIZED_AUTOS = YES_AGGRESSIVE;
				GCC_WARN_UNUSED_FUNCTION = YES;
				GCC_WARN_UNUSED_VARIABLE = YES;
				IPHONEOS_DEPLOYMENT_TARGET = 16.2;
				MTL_ENABLE_DEBUG_INFO = INCLUDE_SOURCE;
				MTL_FAST_MATH = YES;
				ONLY_ACTIVE_ARCH = YES;
				SDKROOT = iphoneos;
				SWIFT_ACTIVE_COMPILATION_CONDITIONS = DEBUG;
				SWIFT_OPTIMIZATION_LEVEL = "-Onone";
			};
			name = Debug;
		};
		F062D8FE2A58619D00D2E42A /* Release */ = {
			isa = XCBuildConfiguration;
			buildSettings = {
				ALWAYS_SEARCH_USER_PATHS = NO;
				CLANG_ANALYZER_LOCALIZABILITY_NONLOCALIZED = YES;
				CLANG_ANALYZER_NONNULL = YES;
				CLANG_ANALYZER_NUMBER_OBJECT_CONVERSION = YES_AGGRESSIVE;
				CLANG_CXX_LANGUAGE_STANDARD = "gnu++20";
				CLANG_ENABLE_MODULES = YES;
				CLANG_ENABLE_OBJC_ARC = YES;
				CLANG_ENABLE_OBJC_WEAK = YES;
				CLANG_WARN_BLOCK_CAPTURE_AUTORELEASING = YES;
				CLANG_WARN_BOOL_CONVERSION = YES;
				CLANG_WARN_COMMA = YES;
				CLANG_WARN_CONSTANT_CONVERSION = YES;
				CLANG_WARN_DEPRECATED_OBJC_IMPLEMENTATIONS = YES;
				CLANG_WARN_DIRECT_OBJC_ISA_USAGE = YES_ERROR;
				CLANG_WARN_DOCUMENTATION_COMMENTS = YES;
				CLANG_WARN_EMPTY_BODY = YES;
				CLANG_WARN_ENUM_CONVERSION = YES;
				CLANG_WARN_INFINITE_RECURSION = YES;
				CLANG_WARN_INT_CONVERSION = YES;
				CLANG_WARN_NON_LITERAL_NULL_CONVERSION = YES;
				CLANG_WARN_OBJC_IMPLICIT_RETAIN_SELF = YES;
				CLANG_WARN_OBJC_LITERAL_CONVERSION = YES;
				CLANG_WARN_OBJC_ROOT_CLASS = YES_ERROR;
				CLANG_WARN_QUOTED_INCLUDE_IN_FRAMEWORK_HEADER = YES;
				CLANG_WARN_RANGE_LOOP_ANALYSIS = YES;
				CLANG_WARN_STRICT_PROTOTYPES = YES;
				CLANG_WARN_SUSPICIOUS_MOVE = YES;
				CLANG_WARN_UNGUARDED_AVAILABILITY = YES_AGGRESSIVE;
				CLANG_WARN_UNREACHABLE_CODE = YES;
				CLANG_WARN__DUPLICATE_METHOD_MATCH = YES;
				COPY_PHASE_STRIP = NO;
				DEBUG_INFORMATION_FORMAT = "dwarf-with-dsym";
				ENABLE_NS_ASSERTIONS = NO;
				ENABLE_STRICT_OBJC_MSGSEND = YES;
				GCC_C_LANGUAGE_STANDARD = gnu11;
				GCC_NO_COMMON_BLOCKS = YES;
				GCC_WARN_64_TO_32_BIT_CONVERSION = YES;
				GCC_WARN_ABOUT_RETURN_TYPE = YES_ERROR;
				GCC_WARN_UNDECLARED_SELECTOR = YES;
				GCC_WARN_UNINITIALIZED_AUTOS = YES_AGGRESSIVE;
				GCC_WARN_UNUSED_FUNCTION = YES;
				GCC_WARN_UNUSED_VARIABLE = YES;
				IPHONEOS_DEPLOYMENT_TARGET = 16.2;
				MTL_ENABLE_DEBUG_INFO = NO;
				MTL_FAST_MATH = YES;
				SDKROOT = iphoneos;
				SWIFT_COMPILATION_MODE = wholemodule;
				SWIFT_OPTIMIZATION_LEVEL = "-O";
				VALIDATE_PRODUCT = YES;
			};
			name = Release;
		};
		F062D9002A58619D00D2E42A /* Debug */ = {
			isa = XCBuildConfiguration;
			buildSettings = {
				ASSETCATALOG_COMPILER_APPICON_NAME = AppIcon;
				ASSETCATALOG_COMPILER_GLOBAL_ACCENT_COLOR_NAME = AccentColor;
				CODE_SIGN_STYLE = Automatic;
				CURRENT_PROJECT_VERSION = 1;
				DEVELOPMENT_TEAM = FD3TPFL77C;
				GENERATE_INFOPLIST_FILE = YES;
				INFOPLIST_FILE = "Tracker-ios/Info.plist";
				INFOPLIST_KEY_UIApplicationSupportsIndirectInputEvents = YES;
				INFOPLIST_KEY_UILaunchStoryboardName = LaunchScreen.storyboard;
				INFOPLIST_KEY_UISupportedInterfaceOrientations = UIInterfaceOrientationPortrait;
				INFOPLIST_KEY_UISupportedInterfaceOrientations_iPad = "UIInterfaceOrientationLandscapeLeft UIInterfaceOrientationLandscapeRight UIInterfaceOrientationPortrait UIInterfaceOrientationPortraitUpsideDown";
				IPHONEOS_DEPLOYMENT_TARGET = 13.4;
				LD_RUNPATH_SEARCH_PATHS = (
					"$(inherited)",
					"@executable_path/Frameworks",
				);
				MARKETING_VERSION = 1.0;
				PRODUCT_BUNDLE_IDENTIFIER = "ru.ingvar-fesh.Tracker-ios";
				PRODUCT_NAME = "$(TARGET_NAME)";
				SUPPORTED_PLATFORMS = "iphoneos iphonesimulator";
				SUPPORTS_MACCATALYST = NO;
				SUPPORTS_MAC_DESIGNED_FOR_IPHONE_IPAD = NO;
				SWIFT_EMIT_LOC_STRINGS = YES;
				SWIFT_VERSION = 5.0;
				TARGETED_DEVICE_FAMILY = 1;
			};
			name = Debug;
		};
		F062D9012A58619D00D2E42A /* Release */ = {
			isa = XCBuildConfiguration;
			buildSettings = {
				ASSETCATALOG_COMPILER_APPICON_NAME = AppIcon;
				ASSETCATALOG_COMPILER_GLOBAL_ACCENT_COLOR_NAME = AccentColor;
				CODE_SIGN_STYLE = Automatic;
				CURRENT_PROJECT_VERSION = 1;
				DEVELOPMENT_TEAM = FD3TPFL77C;
				GENERATE_INFOPLIST_FILE = YES;
				INFOPLIST_FILE = "Tracker-ios/Info.plist";
				INFOPLIST_KEY_UIApplicationSupportsIndirectInputEvents = YES;
				INFOPLIST_KEY_UILaunchStoryboardName = LaunchScreen.storyboard;
				INFOPLIST_KEY_UISupportedInterfaceOrientations = UIInterfaceOrientationPortrait;
				INFOPLIST_KEY_UISupportedInterfaceOrientations_iPad = "UIInterfaceOrientationLandscapeLeft UIInterfaceOrientationLandscapeRight UIInterfaceOrientationPortrait UIInterfaceOrientationPortraitUpsideDown";
				IPHONEOS_DEPLOYMENT_TARGET = 13.4;
				LD_RUNPATH_SEARCH_PATHS = (
					"$(inherited)",
					"@executable_path/Frameworks",
				);
				MARKETING_VERSION = 1.0;
				PRODUCT_BUNDLE_IDENTIFIER = "ru.ingvar-fesh.Tracker-ios";
				PRODUCT_NAME = "$(TARGET_NAME)";
				SUPPORTED_PLATFORMS = "iphoneos iphonesimulator";
				SUPPORTS_MACCATALYST = NO;
				SUPPORTS_MAC_DESIGNED_FOR_IPHONE_IPAD = NO;
				SWIFT_EMIT_LOC_STRINGS = YES;
				SWIFT_VERSION = 5.0;
				TARGETED_DEVICE_FAMILY = 1;
			};
			name = Release;
		};
/* End XCBuildConfiguration section */

/* Begin XCConfigurationList section */
		F062D8E62A58619A00D2E42A /* Build configuration list for PBXProject "Tracker-ios" */ = {
			isa = XCConfigurationList;
			buildConfigurations = (
				F062D8FD2A58619D00D2E42A /* Debug */,
				F062D8FE2A58619D00D2E42A /* Release */,
			);
			defaultConfigurationIsVisible = 0;
			defaultConfigurationName = Release;
		};
		F062D8FF2A58619D00D2E42A /* Build configuration list for PBXNativeTarget "Tracker-ios" */ = {
			isa = XCConfigurationList;
			buildConfigurations = (
				F062D9002A58619D00D2E42A /* Debug */,
				F062D9012A58619D00D2E42A /* Release */,
			);
			defaultConfigurationIsVisible = 0;
			defaultConfigurationName = Release;
		};
/* End XCConfigurationList section */

/* Begin XCVersionGroup section */
		F004A2E12A5D5784004A61DF /* Model.xcdatamodeld */ = {
			isa = XCVersionGroup;
			children = (
				F004A2E22A5D5784004A61DF /* Model.xcdatamodel */,
			);
			currentVersion = F004A2E22A5D5784004A61DF /* Model.xcdatamodel */;
			path = Model.xcdatamodeld;
			sourceTree = "<group>";
			versionGroupType = wrapper.xcdatamodel;
		};
/* End XCVersionGroup section */
	};
	rootObject = F062D8E32A58619A00D2E42A /* Project object */;
}
